// !$*UTF8*$!
{
	archiveVersion = 1;
	classes = {
	};
	objectVersion = 46;
	objects = {

/* Begin PBXBuildFile section */
		BB227C9E1EDDFBEB006EE207 /* AppDelegate.swift in Sources */ = {isa = PBXBuildFile; fileRef = BB227C9D1EDDFBEB006EE207 /* AppDelegate.swift */; };
		BB227CA01EDDFBEB006EE207 /* ViewController.swift in Sources */ = {isa = PBXBuildFile; fileRef = BB227C9F1EDDFBEB006EE207 /* ViewController.swift */; };
		BB227CA31EDDFBEB006EE207 /* Main.storyboard in Resources */ = {isa = PBXBuildFile; fileRef = BB227CA11EDDFBEB006EE207 /* Main.storyboard */; };
		BB227CA51EDDFBEB006EE207 /* Assets.xcassets in Resources */ = {isa = PBXBuildFile; fileRef = BB227CA41EDDFBEB006EE207 /* Assets.xcassets */; };
		BB227CA81EDDFBEB006EE207 /* LaunchScreen.storyboard in Resources */ = {isa = PBXBuildFile; fileRef = BB227CA61EDDFBEB006EE207 /* LaunchScreen.storyboard */; };
/* End PBXBuildFile section */

/* Begin PBXFileReference section */
		BB227C9A1EDDFBEB006EE207 /* record3.0.app */ = {isa = PBXFileReference; explicitFileType = wrapper.application; includeInIndex = 0; path = record3.0.app; sourceTree = BUILT_PRODUCTS_DIR; };
		BB227C9D1EDDFBEB006EE207 /* AppDelegate.swift */ = {isa = PBXFileReference; lastKnownFileType = sourcecode.swift; path = AppDelegate.swift; sourceTree = "<group>"; };
		BB227C9F1EDDFBEB006EE207 /* ViewController.swift */ = {isa = PBXFileReference; lastKnownFileType = sourcecode.swift; path = ViewController.swift; sourceTree = "<group>"; };
		BB227CA21EDDFBEB006EE207 /* Base */ = {isa = PBXFileReference; lastKnownFileType = file.storyboard; name = Base; path = Base.lproj/Main.storyboard; sourceTree = "<group>"; };
		BB227CA41EDDFBEB006EE207 /* Assets.xcassets */ = {isa = PBXFileReference; lastKnownFileType = folder.assetcatalog; path = Assets.xcassets; sourceTree = "<group>"; };
		BB227CA71EDDFBEB006EE207 /* Base */ = {isa = PBXFileReference; lastKnownFileType = file.storyboard; name = Base; path = Base.lproj/LaunchScreen.storyboard; sourceTree = "<group>"; };
		BB227CA91EDDFBEB006EE207 /* Info.plist */ = {isa = PBXFileReference; lastKnownFileType = text.plist.xml; path = Info.plist; sourceTree = "<group>"; };
/* End PBXFileReference section */

/* Begin PBXFrameworksBuildPhase section */
		BB227C971EDDFBEB006EE207 /* Frameworks */ = {
			isa = PBXFrameworksBuildPhase;
			buildActionMask = 2147483647;
			files = (
			);
			runOnlyForDeploymentPostprocessing = 0;
		};
/* End PBXFrameworksBuildPhase section */

/* Begin PBXGroup section */
		BB227C911EDDFBEB006EE207 = {
			isa = PBXGroup;
			children = (
				BB227C9C1EDDFBEB006EE207 /* record3.0 */,
				BB227C9B1EDDFBEB006EE207 /* Products */,
			);
			sourceTree = "<group>";
		};
		BB227C9B1EDDFBEB006EE207 /* Products */ = {
			isa = PBXGroup;
			children = (
				BB227C9A1EDDFBEB006EE207 /* record3.0.app */,
			);
			name = Products;
			sourceTree = "<group>";
		};
		BB227C9C1EDDFBEB006EE207 /* record3.0 */ = {
			isa = PBXGroup;
			children = (
				BB227C9D1EDDFBEB006EE207 /* AppDelegate.swift */,
				BB227C9F1EDDFBEB006EE207 /* ViewController.swift */,
				BB227CA11EDDFBEB006EE207 /* Main.storyboard */,
				BB227CA41EDDFBEB006EE207 /* Assets.xcassets */,
				BB227CA61EDDFBEB006EE207 /* LaunchScreen.storyboard */,
				BB227CA91EDDFBEB006EE207 /* Info.plist */,
			);
			path = record3.0;
			sourceTree = "<group>";
		};
/* End PBXGroup section */

/* Begin PBXNativeTarget section */
		BB227C991EDDFBEB006EE207 /* record3.0 */ = {
			isa = PBXNativeTarget;
			buildConfigurationList = BB227CAC1EDDFBEB006EE207 /* Build configuration list for PBXNativeTarget "record3.0" */;
			buildPhases = (
				BB227C961EDDFBEB006EE207 /* Sources */,
				BB227C971EDDFBEB006EE207 /* Frameworks */,
				BB227C981EDDFBEB006EE207 /* Resources */,
			);
			buildRules = (
			);
			dependencies = (
			);
			name = record3.0;
			productName = record3.0;
			productReference = BB227C9A1EDDFBEB006EE207 /* record3.0.app */;
			productType = "com.apple.product-type.application";
		};
/* End PBXNativeTarget section */

/* Begin PBXProject section */
		BB227C921EDDFBEB006EE207 /* Project object */ = {
			isa = PBXProject;
			attributes = {
				LastSwiftUpdateCheck = 0830;
				LastUpgradeCheck = 0830;
				ORGANIZATIONNAME = "Ricky Humbert";
				TargetAttributes = {
					BB227C991EDDFBEB006EE207 = {
						CreatedOnToolsVersion = 8.3.2;
						DevelopmentTeam = VMJ43CL2LZ;
						ProvisioningStyle = Automatic;
					};
				};
			};
			buildConfigurationList = BB227C951EDDFBEB006EE207 /* Build configuration list for PBXProject "record3.0" */;
			compatibilityVersion = "Xcode 3.2";
			developmentRegion = English;
			hasScannedForEncodings = 0;
			knownRegions = (
				en,
				Base,
			);
			mainGroup = BB227C911EDDFBEB006EE207;
			productRefGroup = BB227C9B1EDDFBEB006EE207 /* Products */;
			projectDirPath = "";
			projectRoot = "";
			targets = (
				BB227C991EDDFBEB006EE207 /* record3.0 */,
			);
		};
/* End PBXProject section */

/* Begin PBXResourcesBuildPhase section */
		BB227C981EDDFBEB006EE207 /* Resources */ = {
			isa = PBXResourcesBuildPhase;
			buildActionMask = 2147483647;
			files = (
				BB227CA81EDDFBEB006EE207 /* LaunchScreen.storyboard in Resources */,
				BB227CA51EDDFBEB006EE207 /* Assets.xcassets in Resources */,
				BB227CA31EDDFBEB006EE207 /* Main.storyboard in Resources */,
			);
			runOnlyForDeploymentPostprocessing = 0;
		};
/* End PBXResourcesBuildPhase section */

/* Begin PBXSourcesBuildPhase section */
		BB227C961EDDFBEB006EE207 /* Sources */ = {
			isa = PBXSourcesBuildPhase;
			buildActionMask = 2147483647;
			files = (
				BB227CA01EDDFBEB006EE207 /* ViewController.swift in Sources */,
				BB227C9E1EDDFBEB006EE207 /* AppDelegate.swift in Sources */,
			);
			runOnlyForDeploymentPostprocessing = 0;
		};
/* End PBXSourcesBuildPhase section */

/* Begin PBXVariantGroup section */
		BB227CA11EDDFBEB006EE207 /* Main.storyboard */ = {
			isa = PBXVariantGroup;
			children = (
				BB227CA21EDDFBEB006EE207 /* Base */,
			);
			name = Main.storyboard;
			sourceTree = "<group>";
		};
		BB227CA61EDDFBEB006EE207 /* LaunchScreen.storyboard */ = {
			isa = PBXVariantGroup;
			children = (
				BB227CA71EDDFBEB006EE207 /* Base */,
			);
			name = LaunchScreen.storyboard;
			sourceTree = "<group>";
		};
/* End PBXVariantGroup section */

/* Begin XCBuildConfiguration section */
		BB227CAA1EDDFBEB006EE207 /* Debug */ = {
			isa = XCBuildConfiguration;
			buildSettings = {
				ALWAYS_SEARCH_USER_PATHS = NO;
				CLANG_ANALYZER_NONNULL = YES;
				CLANG_ANALYZER_NUMBER_OBJECT_CONVERSION = YES_AGGRESSIVE;
				CLANG_CXX_LANGUAGE_STANDARD = "gnu++0x";
				CLANG_CXX_LIBRARY = "libc++";
				CLANG_ENABLE_MODULES = YES;
				CLANG_ENABLE_OBJC_ARC = YES;
				CLANG_WARN_BOOL_CONVERSION = YES;
				CLANG_WARN_CONSTANT_CONVERSION = YES;
				CLANG_WARN_DIRECT_OBJC_ISA_USAGE = YES_ERROR;
				CLANG_WARN_DOCUMENTATION_COMMENTS = YES;
				CLANG_WARN_EMPTY_BODY = YES;
				CLANG_WARN_ENUM_CONVERSION = YES;
				CLANG_WARN_INFINITE_RECURSION = YES;
				CLANG_WARN_INT_CONVERSION = YES;
				CLANG_WARN_OBJC_ROOT_CLASS = YES_ERROR;
				CLANG_WARN_SUSPICIOUS_MOVE = YES;
				CLANG_WARN_UNREACHABLE_CODE = YES;
				CLANG_WARN__DUPLICATE_METHOD_MATCH = YES;
				"CODE_SIGN_IDENTITY[sdk=iphoneos*]" = "iPhone Developer";
				COPY_PHASE_STRIP = NO;
				DEBUG_INFORMATION_FORMAT = dwarf;
				ENABLE_STRICT_OBJC_MSGSEND = YES;
				ENABLE_TESTABILITY = YES;
				GCC_C_LANGUAGE_STANDARD = gnu99;
				GCC_DYNAMIC_NO_PIC = NO;
				GCC_NO_COMMON_BLOCKS = YES;
				GCC_OPTIMIZATION_LEVEL = 0;
				GCC_PREPROCESSOR_DEFINITIONS = (
					"DEBUG=1",
					"$(inherited)",
				);
				GCC_WARN_64_TO_32_BIT_CONVERSION = YES;
				GCC_WARN_ABOUT_RETURN_TYPE = YES_ERROR;
				GCC_WARN_UNDECLARED_SELECTOR = YES;
				GCC_WARN_UNINITIALIZED_AUTOS = YES_AGGRESSIVE;
				GCC_WARN_UNUSED_FUNCTION = YES;
				GCC_WARN_UNUSED_VARIABLE = YES;
				IPHONEOS_DEPLOYMENT_TARGET = 10.3;
				MTL_ENABLE_DEBUG_INFO = YES;
				ONLY_ACTIVE_ARCH = YES;
				SDKROOT = iphoneos;
				SWIFT_ACTIVE_COMPILATION_CONDITIONS = DEBUG;
				SWIFT_OPTIMIZATION_LEVEL = "-Onone";
				TARGETED_DEVICE_FAMILY = "1,2";
			};
			name = Debug;
		};
		BB227CAB1EDDFBEB006EE207 /* Release */ = {
			isa = XCBuildConfiguration;
			buildSettings = {
				ALWAYS_SEARCH_USER_PATHS = NO;
				CLANG_ANALYZER_NONNULL = YES;
				CLANG_ANALYZER_NUMBER_OBJECT_CONVERSION = YES_AGGRESSIVE;
				CLANG_CXX_LANGUAGE_STANDARD = "gnu++0x";
				CLANG_CXX_LIBRARY = "libc++";
				CLANG_ENABLE_MODULES = YES;
				CLANG_ENABLE_OBJC_ARC = YES;
				CLANG_WARN_BOOL_CONVERSION = YES;
				CLANG_WARN_CONSTANT_CONVERSION = YES;
				CLANG_WARN_DIRECT_OBJC_ISA_USAGE = YES_ERROR;
				CLANG_WARN_DOCUMENTATION_COMMENTS = YES;
				CLANG_WARN_EMPTY_BODY = YES;
				CLANG_WARN_ENUM_CONVERSION = YES;
				CLANG_WARN_INFINITE_RECURSION = YES;
				CLANG_WARN_INT_CONVERSION = YES;
				CLANG_WARN_OBJC_ROOT_CLASS = YES_ERROR;
				CLANG_WARN_SUSPICIOUS_MOVE = YES;
				CLANG_WARN_UNREACHABLE_CODE = YES;
				CLANG_WARN__DUPLICATE_METHOD_MATCH = YES;
				"CODE_SIGN_IDENTITY[sdk=iphoneos*]" = "iPhone Developer";
				COPY_PHASE_STRIP = NO;
				DEBUG_INFORMATION_FORMAT = "dwarf-with-dsym";
				ENABLE_NS_ASSERTIONS = NO;
				ENABLE_STRICT_OBJC_MSGSEND = YES;
				GCC_C_LANGUAGE_STANDARD = gnu99;
				GCC_NO_COMMON_BLOCKS = YES;
				GCC_WARN_64_TO_32_BIT_CONVERSION = YES;
				GCC_WARN_ABOUT_RETURN_TYPE = YES_ERROR;
				GCC_WARN_UNDECLARED_SELECTOR = YES;
				GCC_WARN_UNINITIALIZED_AUTOS = YES_AGGRESSIVE;
				GCC_WARN_UNUSED_FUNCTION = YES;
				GCC_WARN_UNUSED_VARIABLE = YES;
				IPHONEOS_DEPLOYMENT_TARGET = 10.3;
				MTL_ENABLE_DEBUG_INFO = NO;
				SDKROOT = iphoneos;
				SWIFT_OPTIMIZATION_LEVEL = "-Owholemodule";
				TARGETED_DEVICE_FAMILY = "1,2";
				VALIDATE_PRODUCT = YES;
			};
			name = Release;
		};
		BB227CAD1EDDFBEB006EE207 /* Debug */ = {
			isa = XCBuildConfiguration;
			buildSettings = {
				ASSETCATALOG_COMPILER_APPICON_NAME = AppIcon;
				DEVELOPMENT_TEAM = VMJ43CL2LZ;
				INFOPLIST_FILE = record3.0/Info.plist;
				LD_RUNPATH_SEARCH_PATHS = "$(inherited) @executable_path/Frameworks";
				PRODUCT_BUNDLE_IDENTIFIER = "ricky.record3-0";
				PRODUCT_NAME = "$(TARGET_NAME)";
				SWIFT_VERSION = 3.0;
			};
			name = Debug;
		};
		BB227CAE1EDDFBEB006EE207 /* Release */ = {
			isa = XCBuildConfiguration;
			buildSettings = {
				ASSETCATALOG_COMPILER_APPICON_NAME = AppIcon;
				DEVELOPMENT_TEAM = VMJ43CL2LZ;
				INFOPLIST_FILE = record3.0/Info.plist;
				LD_RUNPATH_SEARCH_PATHS = "$(inherited) @executable_path/Frameworks";
				PRODUCT_BUNDLE_IDENTIFIER = "ricky.record3-0";
				PRODUCT_NAME = "$(TARGET_NAME)";
				SWIFT_VERSION = 3.0;
			};
			name = Release;
		};
/* End XCBuildConfiguration section */

/* Begin XCConfigurationList section */
		BB227C951EDDFBEB006EE207 /* Build configuration list for PBXProject "record3.0" */ = {
			isa = XCConfigurationList;
			buildConfigurations = (
				BB227CAA1EDDFBEB006EE207 /* Debug */,
				BB227CAB1EDDFBEB006EE207 /* Release */,
			);
			defaultConfigurationIsVisible = 0;
			defaultConfigurationName = Release;
		};
		BB227CAC1EDDFBEB006EE207 /* Build configuration list for PBXNativeTarget "record3.0" */ = {
			isa = XCConfigurationList;
			buildConfigurations = (
				BB227CAD1EDDFBEB006EE207 /* Debug */,
				BB227CAE1EDDFBEB006EE207 /* Release */,
			);
			defaultConfigurationIsVisible = 0;
			defaultConfigurationName = Release;
		};
/* End XCConfigurationList section */
	};
	rootObject = BB227C921EDDFBEB006EE207 /* Project object */;
}
